
Microsoft Visual Studio Solution File, Format Version 12.00
# Visual Studio Version 17
VisualStudioVersion = 17.8.34525.116
MinimumVisualStudioVersion = 10.0.40219.1
Project("{FAE04EC0-301F-11D3-BF4B-00C04F79EFBC}") = "Loggind", "Loggind\Loggind.csproj", "{79AA9B6A-ABD8-4835-B69C-9DCBA5B845AA}"
EndProject
Global
	GlobalSection(SolutionConfigurationPlatforms) = preSolution
		Debug|Any CPU = Debug|Any CPU
		Release|Any CPU = Release|Any CPU
	EndGlobalSection
	GlobalSection(ProjectConfigurationPlatforms) = postSolution
		{79AA9B6A-ABD8-4835-B69C-9DCBA5B845AA}.Debug|Any CPU.ActiveCfg = Debug|Any CPU
		{79AA9B6A-ABD8-4835-B69C-9DCBA5B845AA}.Debug|Any CPU.Build.0 = Debug|Any CPU
		{79AA9B6A-ABD8-4835-B69C-9DCBA5B845AA}.Release|Any CPU.ActiveCfg = Release|Any CPU
		{79AA9B6A-ABD8-4835-B69C-9DCBA5B845AA}.Release|Any CPU.Build.0 = Release|Any CPU
	EndGlobalSection
	GlobalSection(SolutionProperties) = preSolution
		HideSolutionNode = FALSE
	EndGlobalSection
	GlobalSection(ExtensibilityGlobals) = postSolution
		SolutionGuid = {241AD19D-55CE-4FFD-AD92-DCB17289510E}
	EndGlobalSection
EndGlobal
